
Microsoft Visual Studio Solution File, Format Version 10.00
# Visual Studio 2008
Project("{2150E333-8FDC-42A3-9474-1A3956D46DE8}") = "Solution Items", "Solution Items", "{1A809484-1678-44D1-A6C8-A78E9F26DEB6}"
	ProjectSection(SolutionItems) = preProject
		CONTRIB.txt = CONTRIB.txt
		src\GlobalAssemblyInfo.cs = src\GlobalAssemblyInfo.cs
		LICENSE.txt = LICENSE.txt
	EndProjectSection
EndProject
Project("{2150E333-8FDC-42A3-9474-1A3956D46DE8}") = "Integration", "Integration", "{CC5EB6CB-9AA4-4046-B01A-5A0EFDB00644}"
EndProject
Project("{2150E333-8FDC-42A3-9474-1A3956D46DE8}") = "Framework", "Framework", "{6FEE6E27-F567-4C31-A716-1EF9A552860D}"
EndProject
Project("{FAE04EC0-301F-11D3-BF4B-00C04F79EFBC}") = "Core", "src\Core\Core.csproj", "{2B1E6AB3-720A-4A47-9AC8-20D392BD6747}"
EndProject
Project("{FAE04EC0-301F-11D3-BF4B-00C04F79EFBC}") = "Conditions", "src\Conditions\Conditions.csproj", "{2844FFB6-2929-4188-A4F6-11184E0F3A5D}"
EndProject
Project("{FAE04EC0-301F-11D3-BF4B-00C04F79EFBC}") = "Integration.Log4net", "src\Integration\Log4net\Integration.Log4net.csproj", "{17FBF64E-E523-412D-B507-077B5DE726AD}"
EndProject
Project("{FAE04EC0-301F-11D3-BF4B-00C04F79EFBC}") = "Framework.WinForms", "src\Framework\WinForms\Framework.WinForms.csproj", "{0A16E885-951D-4E84-A42E-FFAAE5C8B340}"
EndProject
Project("{FAE04EC0-301F-11D3-BF4B-00C04F79EFBC}") = "Framework.Web", "src\Framework\Web\Framework.Web.csproj", "{C46075DB-A0FB-466B-BA76-C093227FA9C7}"
EndProject
Project("{FAE04EC0-301F-11D3-BF4B-00C04F79EFBC}") = "Integration.AjaxPro", "src\Integration\AjaxPro\Integration.AjaxPro.csproj", "{A7151D7B-5A99-4DDA-9D0B-C6BBDCC218B7}"
EndProject
Project("{FAE04EC0-301F-11D3-BF4B-00C04F79EFBC}") = "Integration.MonoRail", "src\Integration\MonoRail\Integration.MonoRail.csproj", "{82404394-A1B7-475A-BCF5-3C5708E36979}"
EndProject
Project("{FAE04EC0-301F-11D3-BF4B-00C04F79EFBC}") = "Integration.LinFu", "src\Integration\LinFu\Integration.LinFu.csproj", "{50251B1C-0CE7-4117-B12C-536D0343FEA2}"
EndProject
Project("{FAE04EC0-301F-11D3-BF4B-00C04F79EFBC}") = "Integration.DynamicProxy2", "src\Integration\DynamicProxy2\Integration.DynamicProxy2.csproj", "{E961E104-56DB-4C4F-ABDC-D2D81C4A6BCA}"
EndProject
Project("{FAE04EC0-301F-11D3-BF4B-00C04F79EFBC}") = "Extensions.Cache", "src\Extensions\Cache\Extensions.Cache.csproj", "{BA11E656-071A-4C58-AF4C-82DB1843EEDC}"
EndProject
Project("{2150E333-8FDC-42A3-9474-1A3956D46DE8}") = "Extensions", "Extensions", "{7F2F1683-1C5A-42E9-98E6-0F00DB2E469C}"
EndProject
Project("{FAE04EC0-301F-11D3-BF4B-00C04F79EFBC}") = "Extensions.MessageBroker", "src\Extensions\MessageBroker\Extensions.MessageBroker.csproj", "{4E0B835D-4DBE-4211-8E6A-678C36B1837B}"
EndProject
Project("{FAE04EC0-301F-11D3-BF4B-00C04F79EFBC}") = "Integration.NLog", "src\Integration\NLog\Integration.NLog.csproj", "{3BDACDF8-ADCB-42FD-AB5F-E7E54A674D93}"
EndProject
Project("{FAE04EC0-301F-11D3-BF4B-00C04F79EFBC}") = "Tests", "src\Tests\Tests.csproj", "{D8064AA7-4F53-4E95-AF41-E033E0258489}"
EndProject
Global
	GlobalSection(SolutionConfigurationPlatforms) = preSolution
		Debug|Any CPU = Debug|Any CPU
		Release|Any CPU = Release|Any CPU
	EndGlobalSection
	GlobalSection(ProjectConfigurationPlatforms) = postSolution
		{2B1E6AB3-720A-4A47-9AC8-20D392BD6747}.Debug|Any CPU.ActiveCfg = Debug|Any CPU
		{2B1E6AB3-720A-4A47-9AC8-20D392BD6747}.Debug|Any CPU.Build.0 = Debug|Any CPU
		{2B1E6AB3-720A-4A47-9AC8-20D392BD6747}.Release|Any CPU.ActiveCfg = Release|Any CPU
		{2B1E6AB3-720A-4A47-9AC8-20D392BD6747}.Release|Any CPU.Build.0 = Release|Any CPU
		{2844FFB6-2929-4188-A4F6-11184E0F3A5D}.Debug|Any CPU.ActiveCfg = Debug|Any CPU
		{2844FFB6-2929-4188-A4F6-11184E0F3A5D}.Debug|Any CPU.Build.0 = Debug|Any CPU
		{2844FFB6-2929-4188-A4F6-11184E0F3A5D}.Release|Any CPU.ActiveCfg = Release|Any CPU
		{2844FFB6-2929-4188-A4F6-11184E0F3A5D}.Release|Any CPU.Build.0 = Release|Any CPU
		{17FBF64E-E523-412D-B507-077B5DE726AD}.Debug|Any CPU.ActiveCfg = Debug|Any CPU
		{17FBF64E-E523-412D-B507-077B5DE726AD}.Debug|Any CPU.Build.0 = Debug|Any CPU
		{17FBF64E-E523-412D-B507-077B5DE726AD}.Release|Any CPU.ActiveCfg = Release|Any CPU
		{17FBF64E-E523-412D-B507-077B5DE726AD}.Release|Any CPU.Build.0 = Release|Any CPU
		{0A16E885-951D-4E84-A42E-FFAAE5C8B340}.Debug|Any CPU.ActiveCfg = Debug|Any CPU
		{0A16E885-951D-4E84-A42E-FFAAE5C8B340}.Debug|Any CPU.Build.0 = Debug|Any CPU
		{0A16E885-951D-4E84-A42E-FFAAE5C8B340}.Release|Any CPU.ActiveCfg = Release|Any CPU
		{0A16E885-951D-4E84-A42E-FFAAE5C8B340}.Release|Any CPU.Build.0 = Release|Any CPU
		{C46075DB-A0FB-466B-BA76-C093227FA9C7}.Debug|Any CPU.ActiveCfg = Debug|Any CPU
		{C46075DB-A0FB-466B-BA76-C093227FA9C7}.Debug|Any CPU.Build.0 = Debug|Any CPU
		{C46075DB-A0FB-466B-BA76-C093227FA9C7}.Release|Any CPU.ActiveCfg = Release|Any CPU
		{C46075DB-A0FB-466B-BA76-C093227FA9C7}.Release|Any CPU.Build.0 = Release|Any CPU
		{A7151D7B-5A99-4DDA-9D0B-C6BBDCC218B7}.Debug|Any CPU.ActiveCfg = Debug|Any CPU
		{A7151D7B-5A99-4DDA-9D0B-C6BBDCC218B7}.Debug|Any CPU.Build.0 = Debug|Any CPU
		{A7151D7B-5A99-4DDA-9D0B-C6BBDCC218B7}.Release|Any CPU.ActiveCfg = Release|Any CPU
		{A7151D7B-5A99-4DDA-9D0B-C6BBDCC218B7}.Release|Any CPU.Build.0 = Release|Any CPU
		{82404394-A1B7-475A-BCF5-3C5708E36979}.Debug|Any CPU.ActiveCfg = Debug|Any CPU
		{82404394-A1B7-475A-BCF5-3C5708E36979}.Debug|Any CPU.Build.0 = Debug|Any CPU
		{82404394-A1B7-475A-BCF5-3C5708E36979}.Release|Any CPU.ActiveCfg = Release|Any CPU
		{82404394-A1B7-475A-BCF5-3C5708E36979}.Release|Any CPU.Build.0 = Release|Any CPU
		{50251B1C-0CE7-4117-B12C-536D0343FEA2}.Debug|Any CPU.ActiveCfg = Debug|Any CPU
		{50251B1C-0CE7-4117-B12C-536D0343FEA2}.Debug|Any CPU.Build.0 = Debug|Any CPU
		{50251B1C-0CE7-4117-B12C-536D0343FEA2}.Release|Any CPU.ActiveCfg = Release|Any CPU
		{50251B1C-0CE7-4117-B12C-536D0343FEA2}.Release|Any CPU.Build.0 = Release|Any CPU
		{E961E104-56DB-4C4F-ABDC-D2D81C4A6BCA}.Debug|Any CPU.ActiveCfg = Debug|Any CPU
		{E961E104-56DB-4C4F-ABDC-D2D81C4A6BCA}.Debug|Any CPU.Build.0 = Debug|Any CPU
		{E961E104-56DB-4C4F-ABDC-D2D81C4A6BCA}.Release|Any CPU.ActiveCfg = Release|Any CPU
		{E961E104-56DB-4C4F-ABDC-D2D81C4A6BCA}.Release|Any CPU.Build.0 = Release|Any CPU
		{BA11E656-071A-4C58-AF4C-82DB1843EEDC}.Debug|Any CPU.ActiveCfg = Debug|Any CPU
		{BA11E656-071A-4C58-AF4C-82DB1843EEDC}.Debug|Any CPU.Build.0 = Debug|Any CPU
		{BA11E656-071A-4C58-AF4C-82DB1843EEDC}.Release|Any CPU.ActiveCfg = Release|Any CPU
		{BA11E656-071A-4C58-AF4C-82DB1843EEDC}.Release|Any CPU.Build.0 = Release|Any CPU
		{4E0B835D-4DBE-4211-8E6A-678C36B1837B}.Debug|Any CPU.ActiveCfg = Debug|Any CPU
		{4E0B835D-4DBE-4211-8E6A-678C36B1837B}.Debug|Any CPU.Build.0 = Debug|Any CPU
		{4E0B835D-4DBE-4211-8E6A-678C36B1837B}.Release|Any CPU.ActiveCfg = Release|Any CPU
		{4E0B835D-4DBE-4211-8E6A-678C36B1837B}.Release|Any CPU.Build.0 = Release|Any CPU
		{3BDACDF8-ADCB-42FD-AB5F-E7E54A674D93}.Debug|Any CPU.ActiveCfg = Debug|Any CPU
		{3BDACDF8-ADCB-42FD-AB5F-E7E54A674D93}.Debug|Any CPU.Build.0 = Debug|Any CPU
		{3BDACDF8-ADCB-42FD-AB5F-E7E54A674D93}.Release|Any CPU.ActiveCfg = Release|Any CPU
		{3BDACDF8-ADCB-42FD-AB5F-E7E54A674D93}.Release|Any CPU.Build.0 = Release|Any CPU
		{D8064AA7-4F53-4E95-AF41-E033E0258489}.Debug|Any CPU.ActiveCfg = Debug|Any CPU
		{D8064AA7-4F53-4E95-AF41-E033E0258489}.Debug|Any CPU.Build.0 = Debug|Any CPU
		{D8064AA7-4F53-4E95-AF41-E033E0258489}.Release|Any CPU.ActiveCfg = Release|Any CPU
		{D8064AA7-4F53-4E95-AF41-E033E0258489}.Release|Any CPU.Build.0 = Release|Any CPU
	EndGlobalSection
	GlobalSection(SolutionProperties) = preSolution
		HideSolutionNode = FALSE
	EndGlobalSection
	GlobalSection(NestedProjects) = preSolution
		{17FBF64E-E523-412D-B507-077B5DE726AD} = {CC5EB6CB-9AA4-4046-B01A-5A0EFDB00644}
		{A7151D7B-5A99-4DDA-9D0B-C6BBDCC218B7} = {CC5EB6CB-9AA4-4046-B01A-5A0EFDB00644}
		{82404394-A1B7-475A-BCF5-3C5708E36979} = {CC5EB6CB-9AA4-4046-B01A-5A0EFDB00644}
		{50251B1C-0CE7-4117-B12C-536D0343FEA2} = {CC5EB6CB-9AA4-4046-B01A-5A0EFDB00644}
		{E961E104-56DB-4C4F-ABDC-D2D81C4A6BCA} = {CC5EB6CB-9AA4-4046-B01A-5A0EFDB00644}
		{3BDACDF8-ADCB-42FD-AB5F-E7E54A674D93} = {CC5EB6CB-9AA4-4046-B01A-5A0EFDB00644}
		{0A16E885-951D-4E84-A42E-FFAAE5C8B340} = {6FEE6E27-F567-4C31-A716-1EF9A552860D}
		{C46075DB-A0FB-466B-BA76-C093227FA9C7} = {6FEE6E27-F567-4C31-A716-1EF9A552860D}
		{BA11E656-071A-4C58-AF4C-82DB1843EEDC} = {7F2F1683-1C5A-42E9-98E6-0F00DB2E469C}
		{4E0B835D-4DBE-4211-8E6A-678C36B1837B} = {7F2F1683-1C5A-42E9-98E6-0F00DB2E469C}
	EndGlobalSection
EndGlobal
